
Microsoft Visual Studio Solution File, Format Version 12.00
# Visual Studio Version 16
VisualStudioVersion = 16.0.30413.136
MinimumVisualStudioVersion = 10.0.40219.1
Project("{FAE04EC0-301F-11D3-BF4B-00C04F79EFBC}") = "MVC_VET.Web", "MVC_VET.Web\MVC_VET.Web.csproj", "{0C72BC74-5388-4C67-AA94-D4A77C5A056A}"
EndProject
Project("{FAE04EC0-301F-11D3-BF4B-00C04F79EFBC}") = "MVC_VET.Common", "MVC_VET.Common\MVC_VET.Common.csproj", "{B67A5FFC-46BD-4CD0-A24A-B517A9927CE4}"
EndProject
Global
	GlobalSection(SolutionConfigurationPlatforms) = preSolution
		Debug|Any CPU = Debug|Any CPU
		Release|Any CPU = Release|Any CPU
	EndGlobalSection
	GlobalSection(ProjectConfigurationPlatforms) = postSolution
		{0C72BC74-5388-4C67-AA94-D4A77C5A056A}.Debug|Any CPU.ActiveCfg = Debug|Any CPU
		{0C72BC74-5388-4C67-AA94-D4A77C5A056A}.Debug|Any CPU.Build.0 = Debug|Any CPU
		{0C72BC74-5388-4C67-AA94-D4A77C5A056A}.Release|Any CPU.ActiveCfg = Release|Any CPU
		{0C72BC74-5388-4C67-AA94-D4A77C5A056A}.Release|Any CPU.Build.0 = Release|Any CPU
		{B67A5FFC-46BD-4CD0-A24A-B517A9927CE4}.Debug|Any CPU.ActiveCfg = Debug|Any CPU
		{B67A5FFC-46BD-4CD0-A24A-B517A9927CE4}.Debug|Any CPU.Build.0 = Debug|Any CPU
		{B67A5FFC-46BD-4CD0-A24A-B517A9927CE4}.Release|Any CPU.ActiveCfg = Release|Any CPU
		{B67A5FFC-46BD-4CD0-A24A-B517A9927CE4}.Release|Any CPU.Build.0 = Release|Any CPU
	EndGlobalSection
	GlobalSection(SolutionProperties) = preSolution
		HideSolutionNode = FALSE
	EndGlobalSection
	GlobalSection(ExtensibilityGlobals) = postSolution
		SolutionGuid = {56854872-025F-4372-8243-862E9F104448}
	EndGlobalSection
EndGlobal
